
Microsoft Visual Studio Solution File, Format Version 12.00
# Visual Studio 15
VisualStudioVersion = 15.0.26730.12
MinimumVisualStudioVersion = 10.0.40219.1
Project("{FAE04EC0-301F-11D3-BF4B-00C04F79EFBC}") = "PortfolioWebApi", "PortfolioWebApi\PortfolioWebApi.csproj", "{DC5C1D99-68AD-4BC1-8C68-E0D95D5685AB}"
EndProject
Global
	GlobalSection(SolutionConfigurationPlatforms) = preSolution
		Debug|Any CPU = Debug|Any CPU
		Release|Any CPU = Release|Any CPU
	EndGlobalSection
	GlobalSection(ProjectConfigurationPlatforms) = postSolution
		{DC5C1D99-68AD-4BC1-8C68-E0D95D5685AB}.Debug|Any CPU.ActiveCfg = Debug|Any CPU
		{DC5C1D99-68AD-4BC1-8C68-E0D95D5685AB}.Debug|Any CPU.Build.0 = Debug|Any CPU
		{DC5C1D99-68AD-4BC1-8C68-E0D95D5685AB}.Release|Any CPU.ActiveCfg = Release|Any CPU
		{DC5C1D99-68AD-4BC1-8C68-E0D95D5685AB}.Release|Any CPU.Build.0 = Release|Any CPU
	EndGlobalSection
	GlobalSection(SolutionProperties) = preSolution
		HideSolutionNode = FALSE
	EndGlobalSection
	GlobalSection(ExtensibilityGlobals) = postSolution
		SolutionGuid = {A80DC21E-B73B-4246-9D87-F61A85A46D33}
	EndGlobalSection
EndGlobal
